
Microsoft Visual Studio Solution File, Format Version 12.00
# Visual Studio 15
VisualStudioVersion = 15.0.28307.271
MinimumVisualStudioVersion = 10.0.40219.1
Project("{8BC9CEB8-8B4A-11D0-8D11-00A0C91BC942}") = "20019.02.10", "20019.02.10\20019.02.10.vcxproj", "{A955FBFD-51E6-41DA-BD57-1EC52C3C9D57}"
EndProject
Global
	GlobalSection(SolutionConfigurationPlatforms) = preSolution
		Debug|x64 = Debug|x64
		Debug|x86 = Debug|x86
		Release|x64 = Release|x64
		Release|x86 = Release|x86
	EndGlobalSection
	GlobalSection(ProjectConfigurationPlatforms) = postSolution
		{A955FBFD-51E6-41DA-BD57-1EC52C3C9D57}.Debug|x64.ActiveCfg = Debug|x64
		{A955FBFD-51E6-41DA-BD57-1EC52C3C9D57}.Debug|x64.Build.0 = Debug|x64
		{A955FBFD-51E6-41DA-BD57-1EC52C3C9D57}.Debug|x86.ActiveCfg = Debug|Win32
		{A955FBFD-51E6-41DA-BD57-1EC52C3C9D57}.Debug|x86.Build.0 = Debug|Win32
		{A955FBFD-51E6-41DA-BD57-1EC52C3C9D57}.Release|x64.ActiveCfg = Release|x64
		{A955FBFD-51E6-41DA-BD57-1EC52C3C9D57}.Release|x64.Build.0 = Release|x64
		{A955FBFD-51E6-41DA-BD57-1EC52C3C9D57}.Release|x86.ActiveCfg = Release|Win32
		{A955FBFD-51E6-41DA-BD57-1EC52C3C9D57}.Release|x86.Build.0 = Release|Win32
	EndGlobalSection
	GlobalSection(SolutionProperties) = preSolution
		HideSolutionNode = FALSE
	EndGlobalSection
	GlobalSection(ExtensibilityGlobals) = postSolution
		SolutionGuid = {34CD1821-F0F2-4EF0-BCC3-6CEF9F6B2AEF}
	EndGlobalSection
EndGlobal
